
Microsoft Visual Studio Solution File, Format Version 12.00
# Visual Studio Version 16
VisualStudioVersion = 16.0.30413.136
MinimumVisualStudioVersion = 10.0.40219.1
Project("{FAE04EC0-301F-11D3-BF4B-00C04F79EFBC}") = "MCPSniffer", "MCPSniffer\MCPSniffer.csproj", "{702B156A-C2F2-4804-B8C3-38E5530D73C7}"
EndProject
Project("{FAE04EC0-301F-11D3-BF4B-00C04F79EFBC}") = "MCPSniffer.Model", "MCPSniffer.Model\MCPSniffer.Model.csproj", "{8A866FEC-F0EC-4825-BBA9-2DE9A86152BC}"
EndProject
Project("{FAE04EC0-301F-11D3-BF4B-00C04F79EFBC}") = "MCPSniffer.Interface", "MCPSniffer.Interface\MCPSniffer.Interface.csproj", "{8218EAD8-3BC6-4ECF-B7A0-CB57ECF4DE22}"
EndProject
Project("{FAE04EC0-301F-11D3-BF4B-00C04F79EFBC}") = "MCPSniffer.Core", "MCPSniffer.Core\MCPSniffer.Core.csproj", "{09325722-349B-480A-9572-02B4E24F4EA8}"
EndProject
Global
	GlobalSection(SolutionConfigurationPlatforms) = preSolution
		Debug|Any CPU = Debug|Any CPU
		Release|Any CPU = Release|Any CPU
	EndGlobalSection
	GlobalSection(ProjectConfigurationPlatforms) = postSolution
		{702B156A-C2F2-4804-B8C3-38E5530D73C7}.Debug|Any CPU.ActiveCfg = Debug|Any CPU
		{702B156A-C2F2-4804-B8C3-38E5530D73C7}.Debug|Any CPU.Build.0 = Debug|Any CPU
		{702B156A-C2F2-4804-B8C3-38E5530D73C7}.Release|Any CPU.ActiveCfg = Release|Any CPU
		{702B156A-C2F2-4804-B8C3-38E5530D73C7}.Release|Any CPU.Build.0 = Release|Any CPU
		{8A866FEC-F0EC-4825-BBA9-2DE9A86152BC}.Debug|Any CPU.ActiveCfg = Debug|Any CPU
		{8A866FEC-F0EC-4825-BBA9-2DE9A86152BC}.Debug|Any CPU.Build.0 = Debug|Any CPU
		{8A866FEC-F0EC-4825-BBA9-2DE9A86152BC}.Release|Any CPU.ActiveCfg = Release|Any CPU
		{8A866FEC-F0EC-4825-BBA9-2DE9A86152BC}.Release|Any CPU.Build.0 = Release|Any CPU
		{8218EAD8-3BC6-4ECF-B7A0-CB57ECF4DE22}.Debug|Any CPU.ActiveCfg = Debug|Any CPU
		{8218EAD8-3BC6-4ECF-B7A0-CB57ECF4DE22}.Debug|Any CPU.Build.0 = Debug|Any CPU
		{8218EAD8-3BC6-4ECF-B7A0-CB57ECF4DE22}.Release|Any CPU.ActiveCfg = Release|Any CPU
		{8218EAD8-3BC6-4ECF-B7A0-CB57ECF4DE22}.Release|Any CPU.Build.0 = Release|Any CPU
		{09325722-349B-480A-9572-02B4E24F4EA8}.Debug|Any CPU.ActiveCfg = Debug|Any CPU
		{09325722-349B-480A-9572-02B4E24F4EA8}.Debug|Any CPU.Build.0 = Debug|Any CPU
		{09325722-349B-480A-9572-02B4E24F4EA8}.Release|Any CPU.ActiveCfg = Release|Any CPU
		{09325722-349B-480A-9572-02B4E24F4EA8}.Release|Any CPU.Build.0 = Release|Any CPU
	EndGlobalSection
	GlobalSection(SolutionProperties) = preSolution
		HideSolutionNode = FALSE
	EndGlobalSection
	GlobalSection(ExtensibilityGlobals) = postSolution
		SolutionGuid = {88697B0E-B39F-49E1-AB63-BC95A89BF1BF}
	EndGlobalSection
EndGlobal
